
Microsoft Visual Studio Solution File, Format Version 12.00
# Visual Studio Version 16
VisualStudioVersion = 16.0.31410.357
MinimumVisualStudioVersion = 10.0.40219.1
Project("{FAE04EC0-301F-11D3-BF4B-00C04F79EFBC}") = "App_CheckZip.UWP", "App_CheckZip.UWP\App_CheckZip.UWP.csproj", "{FAA8E1D9-0174-41B3-A6B4-F02FD3ECB27F}"
EndProject
Project("{FAE04EC0-301F-11D3-BF4B-00C04F79EFBC}") = "App_CheckZip.Android", "App_CheckZip.Android\App_CheckZip.Android.csproj", "{30E52F7A-B274-4FCA-A1D2-FA52E76D4CF2}"
EndProject
Project("{FAE04EC0-301F-11D3-BF4B-00C04F79EFBC}") = "App_CheckZip.iOS", "App_CheckZip.iOS\App_CheckZip.iOS.csproj", "{F4E8C8FA-387A-45D4-9E9D-607E8A1F7C4C}"
EndProject
Project("{FAE04EC0-301F-11D3-BF4B-00C04F79EFBC}") = "App_CheckZip", "App_CheckZip\App_CheckZip.csproj", "{370DF35E-913B-47B9-AB85-07A63C08BBAB}"
EndProject
Global
	GlobalSection(SolutionConfigurationPlatforms) = preSolution
		Debug|Any CPU = Debug|Any CPU
		Debug|ARM = Debug|ARM
		Debug|iPhone = Debug|iPhone
		Debug|iPhoneSimulator = Debug|iPhoneSimulator
		Debug|x64 = Debug|x64
		Debug|x86 = Debug|x86
		Release|Any CPU = Release|Any CPU
		Release|ARM = Release|ARM
		Release|iPhone = Release|iPhone
		Release|iPhoneSimulator = Release|iPhoneSimulator
		Release|x64 = Release|x64
		Release|x86 = Release|x86
	EndGlobalSection
	GlobalSection(ProjectConfigurationPlatforms) = postSolution
		{FAA8E1D9-0174-41B3-A6B4-F02FD3ECB27F}.Debug|Any CPU.ActiveCfg = Debug|x86
		{FAA8E1D9-0174-41B3-A6B4-F02FD3ECB27F}.Debug|Any CPU.Build.0 = Debug|x86
		{FAA8E1D9-0174-41B3-A6B4-F02FD3ECB27F}.Debug|Any CPU.Deploy.0 = Debug|x86
		{FAA8E1D9-0174-41B3-A6B4-F02FD3ECB27F}.Debug|ARM.ActiveCfg = Debug|ARM
		{FAA8E1D9-0174-41B3-A6B4-F02FD3ECB27F}.Debug|ARM.Build.0 = Debug|ARM
		{FAA8E1D9-0174-41B3-A6B4-F02FD3ECB27F}.Debug|ARM.Deploy.0 = Debug|ARM
		{FAA8E1D9-0174-41B3-A6B4-F02FD3ECB27F}.Debug|iPhone.ActiveCfg = Debug|x86
		{FAA8E1D9-0174-41B3-A6B4-F02FD3ECB27F}.Debug|iPhone.Build.0 = Debug|x86
		{FAA8E1D9-0174-41B3-A6B4-F02FD3ECB27F}.Debug|iPhone.Deploy.0 = Debug|x86
		{FAA8E1D9-0174-41B3-A6B4-F02FD3ECB27F}.Debug|iPhoneSimulator.ActiveCfg = Debug|x86
		{FAA8E1D9-0174-41B3-A6B4-F02FD3ECB27F}.Debug|iPhoneSimulator.Build.0 = Debug|x86
		{FAA8E1D9-0174-41B3-A6B4-F02FD3ECB27F}.Debug|iPhoneSimulator.Deploy.0 = Debug|x86
		{FAA8E1D9-0174-41B3-A6B4-F02FD3ECB27F}.Debug|x64.ActiveCfg = Debug|x64
		{FAA8E1D9-0174-41B3-A6B4-F02FD3ECB27F}.Debug|x64.Build.0 = Debug|x64
		{FAA8E1D9-0174-41B3-A6B4-F02FD3ECB27F}.Debug|x64.Deploy.0 = Debug|x64
		{FAA8E1D9-0174-41B3-A6B4-F02FD3ECB27F}.Debug|x86.ActiveCfg = Debug|x86
		{FAA8E1D9-0174-41B3-A6B4-F02FD3ECB27F}.Debug|x86.Build.0 = Debug|x86
		{FAA8E1D9-0174-41B3-A6B4-F02FD3ECB27F}.Debug|x86.Deploy.0 = Debug|x86
		{FAA8E1D9-0174-41B3-A6B4-F02FD3ECB27F}.Release|Any CPU.ActiveCfg = Release|x86
		{FAA8E1D9-0174-41B3-A6B4-F02FD3ECB27F}.Release|Any CPU.Build.0 = Release|x86
		{FAA8E1D9-0174-41B3-A6B4-F02FD3ECB27F}.Release|Any CPU.Deploy.0 = Release|x86
		{FAA8E1D9-0174-41B3-A6B4-F02FD3ECB27F}.Release|ARM.ActiveCfg = Release|ARM
		{FAA8E1D9-0174-41B3-A6B4-F02FD3ECB27F}.Release|ARM.Build.0 = Release|ARM
		{FAA8E1D9-0174-41B3-A6B4-F02FD3ECB27F}.Release|ARM.Deploy.0 = Release|ARM
		{FAA8E1D9-0174-41B3-A6B4-F02FD3ECB27F}.Release|iPhone.ActiveCfg = Release|x86
		{FAA8E1D9-0174-41B3-A6B4-F02FD3ECB27F}.Release|iPhone.Build.0 = Release|x86
		{FAA8E1D9-0174-41B3-A6B4-F02FD3ECB27F}.Release|iPhone.Deploy.0 = Release|x86
		{FAA8E1D9-0174-41B3-A6B4-F02FD3ECB27F}.Release|iPhoneSimulator.ActiveCfg = Release|x86
		{FAA8E1D9-0174-41B3-A6B4-F02FD3ECB27F}.Release|iPhoneSimulator.Build.0 = Release|x86
		{FAA8E1D9-0174-41B3-A6B4-F02FD3ECB27F}.Release|iPhoneSimulator.Deploy.0 = Release|x86
		{FAA8E1D9-0174-41B3-A6B4-F02FD3ECB27F}.Release|x64.ActiveCfg = Release|x64
		{FAA8E1D9-0174-41B3-A6B4-F02FD3ECB27F}.Release|x64.Build.0 = Release|x64
		{FAA8E1D9-0174-41B3-A6B4-F02FD3ECB27F}.Release|x64.Deploy.0 = Release|x64
		{FAA8E1D9-0174-41B3-A6B4-F02FD3ECB27F}.Release|x86.ActiveCfg = Release|x86
		{FAA8E1D9-0174-41B3-A6B4-F02FD3ECB27F}.Release|x86.Build.0 = Release|x86
		{FAA8E1D9-0174-41B3-A6B4-F02FD3ECB27F}.Release|x86.Deploy.0 = Release|x86
		{30E52F7A-B274-4FCA-A1D2-FA52E76D4CF2}.Debug|Any CPU.ActiveCfg = Debug|Any CPU
		{30E52F7A-B274-4FCA-A1D2-FA52E76D4CF2}.Debug|Any CPU.Build.0 = Debug|Any CPU
		{30E52F7A-B274-4FCA-A1D2-FA52E76D4CF2}.Debug|Any CPU.Deploy.0 = Debug|Any CPU
		{30E52F7A-B274-4FCA-A1D2-FA52E76D4CF2}.Debug|ARM.ActiveCfg = Debug|Any CPU
		{30E52F7A-B274-4FCA-A1D2-FA52E76D4CF2}.Debug|ARM.Build.0 = Debug|Any CPU
		{30E52F7A-B274-4FCA-A1D2-FA52E76D4CF2}.Debug|ARM.Deploy.0 = Debug|Any CPU
		{30E52F7A-B274-4FCA-A1D2-FA52E76D4CF2}.Debug|iPhone.ActiveCfg = Debug|Any CPU
		{30E52F7A-B274-4FCA-A1D2-FA52E76D4CF2}.Debug|iPhone.Build.0 = Debug|Any CPU
		{30E52F7A-B274-4FCA-A1D2-FA52E76D4CF2}.Debug|iPhone.Deploy.0 = Debug|Any CPU
		{30E52F7A-B274-4FCA-A1D2-FA52E76D4CF2}.Debug|iPhoneSimulator.ActiveCfg = Debug|Any CPU
		{30E52F7A-B274-4FCA-A1D2-FA52E76D4CF2}.Debug|iPhoneSimulator.Build.0 = Debug|Any CPU
		{30E52F7A-B274-4FCA-A1D2-FA52E76D4CF2}.Debug|iPhoneSimulator.Deploy.0 = Debug|Any CPU
		{30E52F7A-B274-4FCA-A1D2-FA52E76D4CF2}.Debug|x64.ActiveCfg = Debug|Any CPU
		{30E52F7A-B274-4FCA-A1D2-FA52E76D4CF2}.Debug|x64.Build.0 = Debug|Any CPU
		{30E52F7A-B274-4FCA-A1D2-FA52E76D4CF2}.Debug|x64.Deploy.0 = Debug|Any CPU
		{30E52F7A-B274-4FCA-A1D2-FA52E76D4CF2}.Debug|x86.ActiveCfg = Debug|Any CPU
		{30E52F7A-B274-4FCA-A1D2-FA52E76D4CF2}.Debug|x86.Build.0 = Debug|Any CPU
		{30E52F7A-B274-4FCA-A1D2-FA52E76D4CF2}.Debug|x86.Deploy.0 = Debug|Any CPU
		{30E52F7A-B274-4FCA-A1D2-FA52E76D4CF2}.Release|Any CPU.ActiveCfg = Release|Any CPU
		{30E52F7A-B274-4FCA-A1D2-FA52E76D4CF2}.Release|Any CPU.Build.0 = Release|Any CPU
		{30E52F7A-B274-4FCA-A1D2-FA52E76D4CF2}.Release|Any CPU.Deploy.0 = Release|Any CPU
		{30E52F7A-B274-4FCA-A1D2-FA52E76D4CF2}.Release|ARM.ActiveCfg = Release|Any CPU
		{30E52F7A-B274-4FCA-A1D2-FA52E76D4CF2}.Release|ARM.Build.0 = Release|Any CPU
		{30E52F7A-B274-4FCA-A1D2-FA52E76D4CF2}.Release|ARM.Deploy.0 = Release|Any CPU
		{30E52F7A-B274-4FCA-A1D2-FA52E76D4CF2}.Release|iPhone.ActiveCfg = Release|Any CPU
		{30E52F7A-B274-4FCA-A1D2-FA52E76D4CF2}.Release|iPhone.Build.0 = Release|Any CPU
		{30E52F7A-B274-4FCA-A1D2-FA52E76D4CF2}.Release|iPhone.Deploy.0 = Release|Any CPU
		{30E52F7A-B274-4FCA-A1D2-FA52E76D4CF2}.Release|iPhoneSimulator.ActiveCfg = Release|Any CPU
		{30E52F7A-B274-4FCA-A1D2-FA52E76D4CF2}.Release|iPhoneSimulator.Build.0 = Release|Any CPU
		{30E52F7A-B274-4FCA-A1D2-FA52E76D4CF2}.Release|iPhoneSimulator.Deploy.0 = Release|Any CPU
		{30E52F7A-B274-4FCA-A1D2-FA52E76D4CF2}.Release|x64.ActiveCfg = Release|Any CPU
		{30E52F7A-B274-4FCA-A1D2-FA52E76D4CF2}.Release|x64.Build.0 = Release|Any CPU
		{30E52F7A-B274-4FCA-A1D2-FA52E76D4CF2}.Release|x64.Deploy.0 = Release|Any CPU
		{30E52F7A-B274-4FCA-A1D2-FA52E76D4CF2}.Release|x86.ActiveCfg = Release|Any CPU
		{30E52F7A-B274-4FCA-A1D2-FA52E76D4CF2}.Release|x86.Build.0 = Release|Any CPU
		{30E52F7A-B274-4FCA-A1D2-FA52E76D4CF2}.Release|x86.Deploy.0 = Release|Any CPU
		{F4E8C8FA-387A-45D4-9E9D-607E8A1F7C4C}.Debug|Any CPU.ActiveCfg = Debug|iPhoneSimulator
		{F4E8C8FA-387A-45D4-9E9D-607E8A1F7C4C}.Debug|Any CPU.Build.0 = Debug|iPhoneSimulator
		{F4E8C8FA-387A-45D4-9E9D-607E8A1F7C4C}.Debug|Any CPU.Deploy.0 = Debug|iPhoneSimulator
		{F4E8C8FA-387A-45D4-9E9D-607E8A1F7C4C}.Debug|ARM.ActiveCfg = Debug|iPhone
		{F4E8C8FA-387A-45D4-9E9D-607E8A1F7C4C}.Debug|ARM.Build.0 = Debug|iPhone
		{F4E8C8FA-387A-45D4-9E9D-607E8A1F7C4C}.Debug|ARM.Deploy.0 = Debug|iPhone
		{F4E8C8FA-387A-45D4-9E9D-607E8A1F7C4C}.Debug|iPhone.ActiveCfg = Debug|iPhone
		{F4E8C8FA-387A-45D4-9E9D-607E8A1F7C4C}.Debug|iPhone.Build.0 = Debug|iPhone
		{F4E8C8FA-387A-45D4-9E9D-607E8A1F7C4C}.Debug|iPhone.Deploy.0 = Debug|iPhone
		{F4E8C8FA-387A-45D4-9E9D-607E8A1F7C4C}.Debug|iPhoneSimulator.ActiveCfg = Debug|iPhoneSimulator
		{F4E8C8FA-387A-45D4-9E9D-607E8A1F7C4C}.Debug|iPhoneSimulator.Build.0 = Debug|iPhoneSimulator
		{F4E8C8FA-387A-45D4-9E9D-607E8A1F7C4C}.Debug|iPhoneSimulator.Deploy.0 = Debug|iPhoneSimulator
		{F4E8C8FA-387A-45D4-9E9D-607E8A1F7C4C}.Debug|x64.ActiveCfg = Debug|iPhoneSimulator
		{F4E8C8FA-387A-45D4-9E9D-607E8A1F7C4C}.Debug|x64.Build.0 = Debug|iPhoneSimulator
		{F4E8C8FA-387A-45D4-9E9D-607E8A1F7C4C}.Debug|x64.Deploy.0 = Debug|iPhoneSimulator
		{F4E8C8FA-387A-45D4-9E9D-607E8A1F7C4C}.Debug|x86.ActiveCfg = Debug|iPhoneSimulator
		{F4E8C8FA-387A-45D4-9E9D-607E8A1F7C4C}.Debug|x86.Build.0 = Debug|iPhoneSimulator
		{F4E8C8FA-387A-45D4-9E9D-607E8A1F7C4C}.Debug|x86.Deploy.0 = Debug|iPhoneSimulator
		{F4E8C8FA-387A-45D4-9E9D-607E8A1F7C4C}.Release|Any CPU.ActiveCfg = Release|iPhoneSimulator
		{F4E8C8FA-387A-45D4-9E9D-607E8A1F7C4C}.Release|Any CPU.Build.0 = Release|iPhoneSimulator
		{F4E8C8FA-387A-45D4-9E9D-607E8A1F7C4C}.Release|Any CPU.Deploy.0 = Release|iPhoneSimulator
		{F4E8C8FA-387A-45D4-9E9D-607E8A1F7C4C}.Release|ARM.ActiveCfg = Release|iPhoneSimulator
		{F4E8C8FA-387A-45D4-9E9D-607E8A1F7C4C}.Release|ARM.Build.0 = Release|iPhoneSimulator
		{F4E8C8FA-387A-45D4-9E9D-607E8A1F7C4C}.Release|ARM.Deploy.0 = Release|iPhoneSimulator
		{F4E8C8FA-387A-45D4-9E9D-607E8A1F7C4C}.Release|iPhone.ActiveCfg = Release|iPhone
		{F4E8C8FA-387A-45D4-9E9D-607E8A1F7C4C}.Release|iPhone.Build.0 = Release|iPhone
		{F4E8C8FA-387A-45D4-9E9D-607E8A1F7C4C}.Release|iPhone.Deploy.0 = Release|iPhone
		{F4E8C8FA-387A-45D4-9E9D-607E8A1F7C4C}.Release|iPhoneSimulator.ActiveCfg = Release|iPhoneSimulator
		{F4E8C8FA-387A-45D4-9E9D-607E8A1F7C4C}.Release|iPhoneSimulator.Build.0 = Release|iPhoneSimulator
		{F4E8C8FA-387A-45D4-9E9D-607E8A1F7C4C}.Release|iPhoneSimulator.Deploy.0 = Release|iPhoneSimulator
		{F4E8C8FA-387A-45D4-9E9D-607E8A1F7C4C}.Release|x64.ActiveCfg = Release|iPhoneSimulator
		{F4E8C8FA-387A-45D4-9E9D-607E8A1F7C4C}.Release|x64.Build.0 = Release|iPhoneSimulator
		{F4E8C8FA-387A-45D4-9E9D-607E8A1F7C4C}.Release|x64.Deploy.0 = Release|iPhoneSimulator
		{F4E8C8FA-387A-45D4-9E9D-607E8A1F7C4C}.Release|x86.ActiveCfg = Release|iPhoneSimulator
		{F4E8C8FA-387A-45D4-9E9D-607E8A1F7C4C}.Release|x86.Build.0 = Release|iPhoneSimulator
		{F4E8C8FA-387A-45D4-9E9D-607E8A1F7C4C}.Release|x86.Deploy.0 = Release|iPhoneSimulator
		{370DF35E-913B-47B9-AB85-07A63C08BBAB}.Debug|Any CPU.ActiveCfg = Debug|Any CPU
		{370DF35E-913B-47B9-AB85-07A63C08BBAB}.Debug|Any CPU.Build.0 = Debug|Any CPU
		{370DF35E-913B-47B9-AB85-07A63C08BBAB}.Debug|Any CPU.Deploy.0 = Debug|Any CPU
		{370DF35E-913B-47B9-AB85-07A63C08BBAB}.Debug|ARM.ActiveCfg = Debug|Any CPU
		{370DF35E-913B-47B9-AB85-07A63C08BBAB}.Debug|ARM.Build.0 = Debug|Any CPU
		{370DF35E-913B-47B9-AB85-07A63C08BBAB}.Debug|ARM.Deploy.0 = Debug|Any CPU
		{370DF35E-913B-47B9-AB85-07A63C08BBAB}.Debug|iPhone.ActiveCfg = Debug|Any CPU
		{370DF35E-913B-47B9-AB85-07A63C08BBAB}.Debug|iPhone.Build.0 = Debug|Any CPU
		{370DF35E-913B-47B9-AB85-07A63C08BBAB}.Debug|iPhone.Deploy.0 = Debug|Any CPU
		{370DF35E-913B-47B9-AB85-07A63C08BBAB}.Debug|iPhoneSimulator.ActiveCfg = Debug|Any CPU
		{370DF35E-913B-47B9-AB85-07A63C08BBAB}.Debug|iPhoneSimulator.Build.0 = Debug|Any CPU
		{370DF35E-913B-47B9-AB85-07A63C08BBAB}.Debug|iPhoneSimulator.Deploy.0 = Debug|Any CPU
		{370DF35E-913B-47B9-AB85-07A63C08BBAB}.Debug|x64.ActiveCfg = Debug|Any CPU
		{370DF35E-913B-47B9-AB85-07A63C08BBAB}.Debug|x64.Build.0 = Debug|Any CPU
		{370DF35E-913B-47B9-AB85-07A63C08BBAB}.Debug|x64.Deploy.0 = Debug|Any CPU
		{370DF35E-913B-47B9-AB85-07A63C08BBAB}.Debug|x86.ActiveCfg = Debug|Any CPU
		{370DF35E-913B-47B9-AB85-07A63C08BBAB}.Debug|x86.Build.0 = Debug|Any CPU
		{370DF35E-913B-47B9-AB85-07A63C08BBAB}.Debug|x86.Deploy.0 = Debug|Any CPU
		{370DF35E-913B-47B9-AB85-07A63C08BBAB}.Release|Any CPU.ActiveCfg = Release|Any CPU
		{370DF35E-913B-47B9-AB85-07A63C08BBAB}.Release|Any CPU.Build.0 = Release|Any CPU
		{370DF35E-913B-47B9-AB85-07A63C08BBAB}.Release|Any CPU.Deploy.0 = Release|Any CPU
		{370DF35E-913B-47B9-AB85-07A63C08BBAB}.Release|ARM.ActiveCfg = Release|Any CPU
		{370DF35E-913B-47B9-AB85-07A63C08BBAB}.Release|ARM.Build.0 = Release|Any CPU
		{370DF35E-913B-47B9-AB85-07A63C08BBAB}.Release|ARM.Deploy.0 = Release|Any CPU
		{370DF35E-913B-47B9-AB85-07A63C08BBAB}.Release|iPhone.ActiveCfg = Release|Any CPU
		{370DF35E-913B-47B9-AB85-07A63C08BBAB}.Release|iPhone.Build.0 = Release|Any CPU
		{370DF35E-913B-47B9-AB85-07A63C08BBAB}.Release|iPhone.Deploy.0 = Release|Any CPU
		{370DF35E-913B-47B9-AB85-07A63C08BBAB}.Release|iPhoneSimulator.ActiveCfg = Release|Any CPU
		{370DF35E-913B-47B9-AB85-07A63C08BBAB}.Release|iPhoneSimulator.Build.0 = Release|Any CPU
		{370DF35E-913B-47B9-AB85-07A63C08BBAB}.Release|iPhoneSimulator.Deploy.0 = Release|Any CPU
		{370DF35E-913B-47B9-AB85-07A63C08BBAB}.Release|x64.ActiveCfg = Release|Any CPU
		{370DF35E-913B-47B9-AB85-07A63C08BBAB}.Release|x64.Build.0 = Release|Any CPU
		{370DF35E-913B-47B9-AB85-07A63C08BBAB}.Release|x64.Deploy.0 = Release|Any CPU
		{370DF35E-913B-47B9-AB85-07A63C08BBAB}.Release|x86.ActiveCfg = Release|Any CPU
		{370DF35E-913B-47B9-AB85-07A63C08BBAB}.Release|x86.Build.0 = Release|Any CPU
		{370DF35E-913B-47B9-AB85-07A63C08BBAB}.Release|x86.Deploy.0 = Release|Any CPU
	EndGlobalSection
	GlobalSection(SolutionProperties) = preSolution
		HideSolutionNode = FALSE
	EndGlobalSection
	GlobalSection(ExtensibilityGlobals) = postSolution
		SolutionGuid = {A718DFD9-30DE-4DEB-9959-53D228D82A56}
	EndGlobalSection
EndGlobal
